
Microsoft Visual Studio Solution File, Format Version 12.00
Project("{FAE04EC0-301F-11D3-BF4B-00C04F79EFBC}") = "BrønnApi", "BrønnApi\BrønnApi.csproj", "{4903FC77-8359-46FC-BCA5-354EBDFF136A}"
EndProject
Project("{2150E333-8FDC-42A3-9474-1A3956D46DE8}") = "Solution Items", "Solution Items", "{B72B1C24-C953-4F02-AE4F-C630C3CE2929}"
	ProjectSection(SolutionItems) = preProject
		compose.yaml = compose.yaml
	EndProjectSection
EndProject
Global
	GlobalSection(SolutionConfigurationPlatforms) = preSolution
		Debug|Any CPU = Debug|Any CPU
		Release|Any CPU = Release|Any CPU
	EndGlobalSection
	GlobalSection(ProjectConfigurationPlatforms) = postSolution
		{4903FC77-8359-46FC-BCA5-354EBDFF136A}.Debug|Any CPU.ActiveCfg = Debug|Any CPU
		{4903FC77-8359-46FC-BCA5-354EBDFF136A}.Debug|Any CPU.Build.0 = Debug|Any CPU
		{4903FC77-8359-46FC-BCA5-354EBDFF136A}.Release|Any CPU.ActiveCfg = Release|Any CPU
		{4903FC77-8359-46FC-BCA5-354EBDFF136A}.Release|Any CPU.Build.0 = Release|Any CPU
	EndGlobalSection
EndGlobal
